
Microsoft Visual Studio Solution File, Format Version 12.00
# Visual Studio 15
VisualStudioVersion = 15.0.27130.2027
MinimumVisualStudioVersion = 10.0.40219.1
Project("{9A19103F-16F7-4668-BE54-9A1E7A4F7556}") = "YoutubeSnoop", "Source\YoutubeSnoop.csproj", "{535ADC79-3134-4255-9FF3-24E6DFE4D3CD}"
EndProject
Project("{FAE04EC0-301F-11D3-BF4B-00C04F79EFBC}") = "UnitTests", "UnitTests\UnitTests.csproj", "{04E3BA06-7735-40DE-896E-FFC89A29490A}"
EndProject
Project("{FAE04EC0-301F-11D3-BF4B-00C04F79EFBC}") = "DemoApp", "DemoApp\DemoApp.csproj", "{40C65F26-8E18-44CC-AF96-376283EBE909}"
EndProject
Global
	GlobalSection(SolutionConfigurationPlatforms) = preSolution
		Debug|Any CPU = Debug|Any CPU
		Release|Any CPU = Release|Any CPU
	EndGlobalSection
	GlobalSection(ProjectConfigurationPlatforms) = postSolution
		{535ADC79-3134-4255-9FF3-24E6DFE4D3CD}.Debug|Any CPU.ActiveCfg = Debug|Any CPU
		{535ADC79-3134-4255-9FF3-24E6DFE4D3CD}.Debug|Any CPU.Build.0 = Debug|Any CPU
		{535ADC79-3134-4255-9FF3-24E6DFE4D3CD}.Release|Any CPU.ActiveCfg = Release|Any CPU
		{535ADC79-3134-4255-9FF3-24E6DFE4D3CD}.Release|Any CPU.Build.0 = Release|Any CPU
		{04E3BA06-7735-40DE-896E-FFC89A29490A}.Debug|Any CPU.ActiveCfg = Debug|Any CPU
		{04E3BA06-7735-40DE-896E-FFC89A29490A}.Debug|Any CPU.Build.0 = Debug|Any CPU
		{04E3BA06-7735-40DE-896E-FFC89A29490A}.Release|Any CPU.ActiveCfg = Release|Any CPU
		{04E3BA06-7735-40DE-896E-FFC89A29490A}.Release|Any CPU.Build.0 = Release|Any CPU
		{40C65F26-8E18-44CC-AF96-376283EBE909}.Debug|Any CPU.ActiveCfg = Debug|Any CPU
		{40C65F26-8E18-44CC-AF96-376283EBE909}.Debug|Any CPU.Build.0 = Debug|Any CPU
		{40C65F26-8E18-44CC-AF96-376283EBE909}.Release|Any CPU.ActiveCfg = Release|Any CPU
		{40C65F26-8E18-44CC-AF96-376283EBE909}.Release|Any CPU.Build.0 = Release|Any CPU
	EndGlobalSection
	GlobalSection(SolutionProperties) = preSolution
		HideSolutionNode = FALSE
	EndGlobalSection
	GlobalSection(ExtensibilityGlobals) = postSolution
		SolutionGuid = {812CBF76-2814-4813-8A85-FFEF437CC367}
	EndGlobalSection
EndGlobal
